
Microsoft Visual Studio Solution File, Format Version 12.00
# Visual Studio Version 16
VisualStudioVersion = 16.0.30523.141
MinimumVisualStudioVersion = 10.0.40219.1
Project("{FAE04EC0-301F-11D3-BF4B-00C04F79EFBC}") = "StarWars.Api", "src\StarWars.Api\StarWars.Api.csproj", "{8D39C7AD-8688-476D-AA8A-685989E863AB}"
EndProject
Global
	GlobalSection(SolutionConfigurationPlatforms) = preSolution
		Debug|Any CPU = Debug|Any CPU
		Release|Any CPU = Release|Any CPU
	EndGlobalSection
	GlobalSection(ProjectConfigurationPlatforms) = postSolution
		{8D39C7AD-8688-476D-AA8A-685989E863AB}.Debug|Any CPU.ActiveCfg = Debug|Any CPU
		{8D39C7AD-8688-476D-AA8A-685989E863AB}.Debug|Any CPU.Build.0 = Debug|Any CPU
		{8D39C7AD-8688-476D-AA8A-685989E863AB}.Release|Any CPU.ActiveCfg = Release|Any CPU
		{8D39C7AD-8688-476D-AA8A-685989E863AB}.Release|Any CPU.Build.0 = Release|Any CPU
	EndGlobalSection
	GlobalSection(SolutionProperties) = preSolution
		HideSolutionNode = FALSE
	EndGlobalSection
	GlobalSection(ExtensibilityGlobals) = postSolution
		SolutionGuid = {7DCC72EE-0C1B-4178-B83D-EDBAB8E4B842}
	EndGlobalSection
EndGlobal
